{
  "nodes": {
    "nixpkgs": {
      "locked": {
        "lastModified": 1705677747,
        "narHash": "sha256-eyM3okYtMgYDgmYukoUzrmuoY4xl4FUujnsv/P6I/zI=",
        "path": "/nix/store/kwd6lmx004rkv2r00vj3fcg5ijfvnagk-source",
        "rev": "bbe7d8f876fbbe7c959c90ba2ae2852220573261",
        "type": "path"
      },
      "original": {
        "id": "nixpkgs",
        "type": "indirect"
      }
    },
    "root": {
      "inputs": {
        "nixpkgs": "nixpkgs"
      }
    }
  },
  "root": "root",
  "version": 7
}
